
Microsoft Visual Studio Solution File, Format Version 12.00
# Visual Studio Version 17
VisualStudioVersion = 17.2.32505.173
MinimumVisualStudioVersion = 10.0.40219.1
Project("{FAE04EC0-301F-11D3-BF4B-00C04F79EFBC}") = "parcial2", "parcial2\parcial2.csproj", "{022C2438-C561-4BA3-B96F-95C46C5B2DFC}"
EndProject
Global
	GlobalSection(SolutionConfigurationPlatforms) = preSolution
		Debug|Any CPU = Debug|Any CPU
		Release|Any CPU = Release|Any CPU
	EndGlobalSection
	GlobalSection(ProjectConfigurationPlatforms) = postSolution
		{022C2438-C561-4BA3-B96F-95C46C5B2DFC}.Debug|Any CPU.ActiveCfg = Debug|Any CPU
		{022C2438-C561-4BA3-B96F-95C46C5B2DFC}.Debug|Any CPU.Build.0 = Debug|Any CPU
		{022C2438-C561-4BA3-B96F-95C46C5B2DFC}.Release|Any CPU.ActiveCfg = Release|Any CPU
		{022C2438-C561-4BA3-B96F-95C46C5B2DFC}.Release|Any CPU.Build.0 = Release|Any CPU
	EndGlobalSection
	GlobalSection(SolutionProperties) = preSolution
		HideSolutionNode = FALSE
	EndGlobalSection
	GlobalSection(ExtensibilityGlobals) = postSolution
		SolutionGuid = {98DDFB10-3D12-4B73-BD60-7B6EC48DD3B7}
	EndGlobalSection
EndGlobal
